// !$*UTF8*$!
{
	archiveVersion = 1;
	classes = {
	};
	objectVersion = 55;
	objects = {

/* Begin PBXBuildFile section */
		735F495028BE5D4D006A4569 /* AllCoinsView.swift in Sources */ = {isa = PBXBuildFile; fileRef = 735F494F28BE5D4D006A4569 /* AllCoinsView.swift */; };
		735F495228BE5D5D006A4569 /* CoinRowView.swift in Sources */ = {isa = PBXBuildFile; fileRef = 735F495128BE5D5D006A4569 /* CoinRowView.swift */; };
		735F495428BE78E0006A4569 /* HomeViewModel.swift in Sources */ = {isa = PBXBuildFile; fileRef = 735F495328BE78E0006A4569 /* HomeViewModel.swift */; };
		735F495628BF316C006A4569 /* Coin.swift in Sources */ = {isa = PBXBuildFile; fileRef = 735F495528BF316C006A4569 /* Coin.swift */; };
		73F1E94B28BE509100AEC170 /* SwiftCoinListApp.swift in Sources */ = {isa = PBXBuildFile; fileRef = 73F1E94A28BE509100AEC170 /* SwiftCoinListApp.swift */; };
		73F1E94D28BE509100AEC170 /* ContentView.swift in Sources */ = {isa = PBXBuildFile; fileRef = 73F1E94C28BE509100AEC170 /* ContentView.swift */; };
		73F1E94F28BE509600AEC170 /* Assets.xcassets in Resources */ = {isa = PBXBuildFile; fileRef = 73F1E94E28BE509600AEC170 /* Assets.xcassets */; };
		73F1E95228BE509600AEC170 /* Preview Assets.xcassets in Resources */ = {isa = PBXBuildFile; fileRef = 73F1E95128BE509600AEC170 /* Preview Assets.xcassets */; };
		73F1E96228BE519700AEC170 /* HomeView.swift in Sources */ = {isa = PBXBuildFile; fileRef = 73F1E96128BE519700AEC170 /* HomeView.swift */; };
		73F1E96828BE57E500AEC170 /* TopMoversItemView.swift in Sources */ = {isa = PBXBuildFile; fileRef = 73F1E96728BE57E500AEC170 /* TopMoversItemView.swift */; };
		73F1E96A28BE57FE00AEC170 /* TopMoversView.swift in Sources */ = {isa = PBXBuildFile; fileRef = 73F1E96928BE57FE00AEC170 /* TopMoversView.swift */; };
/* End PBXBuildFile section */

/* Begin PBXFileReference section */
		735F494F28BE5D4D006A4569 /* AllCoinsView.swift */ = {isa = PBXFileReference; lastKnownFileType = sourcecode.swift; path = AllCoinsView.swift; sourceTree = "<group>"; };
		735F495128BE5D5D006A4569 /* CoinRowView.swift */ = {isa = PBXFileReference; lastKnownFileType = sourcecode.swift; path = CoinRowView.swift; sourceTree = "<group>"; };
		735F495328BE78E0006A4569 /* HomeViewModel.swift */ = {isa = PBXFileReference; lastKnownFileType = sourcecode.swift; path = HomeViewModel.swift; sourceTree = "<group>"; };
		735F495528BF316C006A4569 /* Coin.swift */ = {isa = PBXFileReference; lastKnownFileType = sourcecode.swift; path = Coin.swift; sourceTree = "<group>"; };
		73F1E94728BE509100AEC170 /* SwiftCoinList.app */ = {isa = PBXFileReference; explicitFileType = wrapper.application; includeInIndex = 0; path = SwiftCoinList.app; sourceTree = BUILT_PRODUCTS_DIR; };
		73F1E94A28BE509100AEC170 /* SwiftCoinListApp.swift */ = {isa = PBXFileReference; lastKnownFileType = sourcecode.swift; path = SwiftCoinListApp.swift; sourceTree = "<group>"; };
		73F1E94C28BE509100AEC170 /* ContentView.swift */ = {isa = PBXFileReference; lastKnownFileType = sourcecode.swift; path = ContentView.swift; sourceTree = "<group>"; };
		73F1E94E28BE509600AEC170 /* Assets.xcassets */ = {isa = PBXFileReference; lastKnownFileType = folder.assetcatalog; path = Assets.xcassets; sourceTree = "<group>"; };
		73F1E95128BE509600AEC170 /* Preview Assets.xcassets */ = {isa = PBXFileReference; lastKnownFileType = folder.assetcatalog; path = "Preview Assets.xcassets"; sourceTree = "<group>"; };
		73F1E95828BE50A500AEC170 /* README.md */ = {isa = PBXFileReference; lastKnownFileType = net.daringfireball.markdown; path = README.md; sourceTree = "<group>"; };
		73F1E96128BE519700AEC170 /* HomeView.swift */ = {isa = PBXFileReference; lastKnownFileType = sourcecode.swift; path = HomeView.swift; sourceTree = "<group>"; };
		73F1E96728BE57E500AEC170 /* TopMoversItemView.swift */ = {isa = PBXFileReference; lastKnownFileType = sourcecode.swift; path = TopMoversItemView.swift; sourceTree = "<group>"; };
		73F1E96928BE57FE00AEC170 /* TopMoversView.swift */ = {isa = PBXFileReference; lastKnownFileType = sourcecode.swift; path = TopMoversView.swift; sourceTree = "<group>"; };
/* End PBXFileReference section */

/* Begin PBXFrameworksBuildPhase section */
		73F1E94428BE509100AEC170 /* Frameworks */ = {
			isa = PBXFrameworksBuildPhase;
			buildActionMask = 2147483647;
			files = (
			);
			runOnlyForDeploymentPostprocessing = 0;
		};
/* End PBXFrameworksBuildPhase section */

/* Begin PBXGroup section */
		73F1E93E28BE509100AEC170 = {
			isa = PBXGroup;
			children = (
				73F1E95828BE50A500AEC170 /* README.md */,
				73F1E94928BE509100AEC170 /* SwiftCoinList */,
				73F1E94828BE509100AEC170 /* Products */,
			);
			sourceTree = "<group>";
		};
		73F1E94828BE509100AEC170 /* Products */ = {
			isa = PBXGroup;
			children = (
				73F1E94728BE509100AEC170 /* SwiftCoinList.app */,
			);
			name = Products;
			sourceTree = "<group>";
		};
		73F1E94928BE509100AEC170 /* SwiftCoinList */ = {
			isa = PBXGroup;
			children = (
				73F1E95C28BE510E00AEC170 /* Utils */,
				73F1E95B28BE510D00AEC170 /* Extensions */,
				73F1E95A28BE510C00AEC170 /* Models */,
				73F1E95928BE510A00AEC170 /* Core */,
				73F1E95D28BE514200AEC170 /* App */,
				73F1E94C28BE509100AEC170 /* ContentView.swift */,
				73F1E94E28BE509600AEC170 /* Assets.xcassets */,
				73F1E95028BE509600AEC170 /* Preview Content */,
			);
			path = SwiftCoinList;
			sourceTree = "<group>";
		};
		73F1E95028BE509600AEC170 /* Preview Content */ = {
			isa = PBXGroup;
			children = (
				73F1E95128BE509600AEC170 /* Preview Assets.xcassets */,
			);
			path = "Preview Content";
			sourceTree = "<group>";
		};
		73F1E95928BE510A00AEC170 /* Core */ = {
			isa = PBXGroup;
			children = (
				73F1E95E28BE516900AEC170 /* Home */,
			);
			path = Core;
			sourceTree = "<group>";
		};
		73F1E95A28BE510C00AEC170 /* Models */ = {
			isa = PBXGroup;
			children = (
				735F495528BF316C006A4569 /* Coin.swift */,
			);
			path = Models;
			sourceTree = "<group>";
		};
		73F1E95B28BE510D00AEC170 /* Extensions */ = {
			isa = PBXGroup;
			children = (
			);
			path = Extensions;
			sourceTree = "<group>";
		};
		73F1E95C28BE510E00AEC170 /* Utils */ = {
			isa = PBXGroup;
			children = (
			);
			path = Utils;
			sourceTree = "<group>";
		};
		73F1E95D28BE514200AEC170 /* App */ = {
			isa = PBXGroup;
			children = (
				73F1E94A28BE509100AEC170 /* SwiftCoinListApp.swift */,
			);
			path = App;
			sourceTree = "<group>";
		};
		73F1E95E28BE516900AEC170 /* Home */ = {
			isa = PBXGroup;
			children = (
				73F1E95F28BE517000AEC170 /* Views */,
				73F1E96028BE517800AEC170 /* ViewModels */,
			);
			path = Home;
			sourceTree = "<group>";
		};
		73F1E95F28BE517000AEC170 /* Views */ = {
			isa = PBXGroup;
			children = (
				73F1E96128BE519700AEC170 /* HomeView.swift */,
				73F1E96928BE57FE00AEC170 /* TopMoversView.swift */,
				73F1E96728BE57E500AEC170 /* TopMoversItemView.swift */,
				735F494F28BE5D4D006A4569 /* AllCoinsView.swift */,
				735F495128BE5D5D006A4569 /* CoinRowView.swift */,
			);
			path = Views;
			sourceTree = "<group>";
		};
		73F1E96028BE517800AEC170 /* ViewModels */ = {
			isa = PBXGroup;
			children = (
				735F495328BE78E0006A4569 /* HomeViewModel.swift */,
			);
			path = ViewModels;
			sourceTree = "<group>";
		};
/* End PBXGroup section */

/* Begin PBXNativeTarget section */
		73F1E94628BE509100AEC170 /* SwiftCoinList */ = {
			isa = PBXNativeTarget;
			buildConfigurationList = 73F1E95528BE509600AEC170 /* Build configuration list for PBXNativeTarget "SwiftCoinList" */;
			buildPhases = (
				73F1E94328BE509100AEC170 /* Sources */,
				73F1E94428BE509100AEC170 /* Frameworks */,
				73F1E94528BE509100AEC170 /* Resources */,
			);
			buildRules = (
			);
			dependencies = (
			);
			name = SwiftCoinList;
			productName = SwiftCoinList;
			productReference = 73F1E94728BE509100AEC170 /* SwiftCoinList.app */;
			productType = "com.apple.product-type.application";
		};
/* End PBXNativeTarget section */

/* Begin PBXProject section */
		73F1E93F28BE509100AEC170 /* Project object */ = {
			isa = PBXProject;
			attributes = {
				BuildIndependentTargetsInParallel = 1;
				LastSwiftUpdateCheck = 1320;
				LastUpgradeCheck = 1320;
				TargetAttributes = {
					73F1E94628BE509100AEC170 = {
						CreatedOnToolsVersion = 13.2.1;
					};
				};
			};
			buildConfigurationList = 73F1E94228BE509100AEC170 /* Build configuration list for PBXProject "SwiftCoinList" */;
			compatibilityVersion = "Xcode 13.0";
			developmentRegion = en;
			hasScannedForEncodings = 0;
			knownRegions = (
				en,
				Base,
			);
			mainGroup = 73F1E93E28BE509100AEC170;
			productRefGroup = 73F1E94828BE509100AEC170 /* Products */;
			projectDirPath = "";
			projectRoot = "";
			targets = (
				73F1E94628BE509100AEC170 /* SwiftCoinList */,
			);
		};
/* End PBXProject section */

/* Begin PBXResourcesBuildPhase section */
		73F1E94528BE509100AEC170 /* Resources */ = {
			isa = PBXResourcesBuildPhase;
			buildActionMask = 2147483647;
			files = (
				73F1E95228BE509600AEC170 /* Preview Assets.xcassets in Resources */,
				73F1E94F28BE509600AEC170 /* Assets.xcassets in Resources */,
			);
			runOnlyForDeploymentPostprocessing = 0;
		};
/* End PBXResourcesBuildPhase section */

/* Begin PBXSourcesBuildPhase section */
		73F1E94328BE509100AEC170 /* Sources */ = {
			isa = PBXSourcesBuildPhase;
			buildActionMask = 2147483647;
			files = (
				735F495628BF316C006A4569 /* Coin.swift in Sources */,
				73F1E96228BE519700AEC170 /* HomeView.swift in Sources */,
				735F495028BE5D4D006A4569 /* AllCoinsView.swift in Sources */,
				73F1E94D28BE509100AEC170 /* ContentView.swift in Sources */,
				735F495428BE78E0006A4569 /* HomeViewModel.swift in Sources */,
				73F1E96A28BE57FE00AEC170 /* TopMoversView.swift in Sources */,
				73F1E94B28BE509100AEC170 /* SwiftCoinListApp.swift in Sources */,
				735F495228BE5D5D006A4569 /* CoinRowView.swift in Sources */,
				73F1E96828BE57E500AEC170 /* TopMoversItemView.swift in Sources */,
			);
			runOnlyForDeploymentPostprocessing = 0;
		};
/* End PBXSourcesBuildPhase section */

/* Begin XCBuildConfiguration section */
		73F1E95328BE509600AEC170 /* Debug */ = {
			isa = XCBuildConfiguration;
			buildSettings = {
				ALWAYS_SEARCH_USER_PATHS = NO;
				CLANG_ANALYZER_NONNULL = YES;
				CLANG_ANALYZER_NUMBER_OBJECT_CONVERSION = YES_AGGRESSIVE;
				CLANG_CXX_LANGUAGE_STANDARD = "gnu++17";
				CLANG_CXX_LIBRARY = "libc++";
				CLANG_ENABLE_MODULES = YES;
				CLANG_ENABLE_OBJC_ARC = YES;
				CLANG_ENABLE_OBJC_WEAK = YES;
				CLANG_WARN_BLOCK_CAPTURE_AUTORELEASING = YES;
				CLANG_WARN_BOOL_CONVERSION = YES;
				CLANG_WARN_COMMA = YES;
				CLANG_WARN_CONSTANT_CONVERSION = YES;
				CLANG_WARN_DEPRECATED_OBJC_IMPLEMENTATIONS = YES;
				CLANG_WARN_DIRECT_OBJC_ISA_USAGE = YES_ERROR;
				CLANG_WARN_DOCUMENTATION_COMMENTS = YES;
				CLANG_WARN_EMPTY_BODY = YES;
				CLANG_WARN_ENUM_CONVERSION = YES;
				CLANG_WARN_INFINITE_RECURSION = YES;
				CLANG_WARN_INT_CONVERSION = YES;
				CLANG_WARN_NON_LITERAL_NULL_CONVERSION = YES;
				CLANG_WARN_OBJC_IMPLICIT_RETAIN_SELF = YES;
				CLANG_WARN_OBJC_LITERAL_CONVERSION = YES;
				CLANG_WARN_OBJC_ROOT_CLASS = YES_ERROR;
				CLANG_WARN_QUOTED_INCLUDE_IN_FRAMEWORK_HEADER = YES;
				CLANG_WARN_RANGE_LOOP_ANALYSIS = YES;
				CLANG_WARN_STRICT_PROTOTYPES = YES;
				CLANG_WARN_SUSPICIOUS_MOVE = YES;
				CLANG_WARN_UNGUARDED_AVAILABILITY = YES_AGGRESSIVE;
				CLANG_WARN_UNREACHABLE_CODE = YES;
				CLANG_WARN__DUPLICATE_METHOD_MATCH = YES;
				COPY_PHASE_STRIP = NO;
				DEBUG_INFORMATION_FORMAT = dwarf;
				ENABLE_STRICT_OBJC_MSGSEND = YES;
				ENABLE_TESTABILITY = YES;
				GCC_C_LANGUAGE_STANDARD = gnu11;
				GCC_DYNAMIC_NO_PIC = NO;
				GCC_NO_COMMON_BLOCKS = YES;
				GCC_OPTIMIZATION_LEVEL = 0;
				GCC_PREPROCESSOR_DEFINITIONS = (
					"DEBUG=1",
					"$(inherited)",
				);
				GCC_WARN_64_TO_32_BIT_CONVERSION = YES;
				GCC_WARN_ABOUT_RETURN_TYPE = YES_ERROR;
				GCC_WARN_UNDECLARED_SELECTOR = YES;
				GCC_WARN_UNINITIALIZED_AUTOS = YES_AGGRESSIVE;
				GCC_WARN_UNUSED_FUNCTION = YES;
				GCC_WARN_UNUSED_VARIABLE = YES;
				IPHONEOS_DEPLOYMENT_TARGET = 15.2;
				MTL_ENABLE_DEBUG_INFO = INCLUDE_SOURCE;
				MTL_FAST_MATH = YES;
				ONLY_ACTIVE_ARCH = YES;
				SDKROOT = iphoneos;
				SWIFT_ACTIVE_COMPILATION_CONDITIONS = DEBUG;
				SWIFT_OPTIMIZATION_LEVEL = "-Onone";
			};
			name = Debug;
		};
		73F1E95428BE509600AEC170 /* Release */ = {
			isa = XCBuildConfiguration;
			buildSettings = {
				ALWAYS_SEARCH_USER_PATHS = NO;
				CLANG_ANALYZER_NONNULL = YES;
				CLANG_ANALYZER_NUMBER_OBJECT_CONVERSION = YES_AGGRESSIVE;
				CLANG_CXX_LANGUAGE_STANDARD = "gnu++17";
				CLANG_CXX_LIBRARY = "libc++";
				CLANG_ENABLE_MODULES = YES;
				CLANG_ENABLE_OBJC_ARC = YES;
				CLANG_ENABLE_OBJC_WEAK = YES;
				CLANG_WARN_BLOCK_CAPTURE_AUTORELEASING = YES;
				CLANG_WARN_BOOL_CONVERSION = YES;
				CLANG_WARN_COMMA = YES;
				CLANG_WARN_CONSTANT_CONVERSION = YES;
				CLANG_WARN_DEPRECATED_OBJC_IMPLEMENTATIONS = YES;
				CLANG_WARN_DIRECT_OBJC_ISA_USAGE = YES_ERROR;
				CLANG_WARN_DOCUMENTATION_COMMENTS = YES;
				CLANG_WARN_EMPTY_BODY = YES;
				CLANG_WARN_ENUM_CONVERSION = YES;
				CLANG_WARN_INFINITE_RECURSION = YES;
				CLANG_WARN_INT_CONVERSION = YES;
				CLANG_WARN_NON_LITERAL_NULL_CONVERSION = YES;
				CLANG_WARN_OBJC_IMPLICIT_RETAIN_SELF = YES;
				CLANG_WARN_OBJC_LITERAL_CONVERSION = YES;
				CLANG_WARN_OBJC_ROOT_CLASS = YES_ERROR;
				CLANG_WARN_QUOTED_INCLUDE_IN_FRAMEWORK_HEADER = YES;
				CLANG_WARN_RANGE_LOOP_ANALYSIS = YES;
				CLANG_WARN_STRICT_PROTOTYPES = YES;
				CLANG_WARN_SUSPICIOUS_MOVE = YES;
				CLANG_WARN_UNGUARDED_AVAILABILITY = YES_AGGRESSIVE;
				CLANG_WARN_UNREACHABLE_CODE = YES;
				CLANG_WARN__DUPLICATE_METHOD_MATCH = YES;
				COPY_PHASE_STRIP = NO;
				DEBUG_INFORMATION_FORMAT = "dwarf-with-dsym";
				ENABLE_NS_ASSERTIONS = NO;
				ENABLE_STRICT_OBJC_MSGSEND = YES;
				GCC_C_LANGUAGE_STANDARD = gnu11;
				GCC_NO_COMMON_BLOCKS = YES;
				GCC_WARN_64_TO_32_BIT_CONVERSION = YES;
				GCC_WARN_ABOUT_RETURN_TYPE = YES_ERROR;
				GCC_WARN_UNDECLARED_SELECTOR = YES;
				GCC_WARN_UNINITIALIZED_AUTOS = YES_AGGRESSIVE;
				GCC_WARN_UNUSED_FUNCTION = YES;
				GCC_WARN_UNUSED_VARIABLE = YES;
				IPHONEOS_DEPLOYMENT_TARGET = 15.2;
				MTL_ENABLE_DEBUG_INFO = NO;
				MTL_FAST_MATH = YES;
				SDKROOT = iphoneos;
				SWIFT_COMPILATION_MODE = wholemodule;
				SWIFT_OPTIMIZATION_LEVEL = "-O";
				VALIDATE_PRODUCT = YES;
			};
			name = Release;
		};
		73F1E95628BE509600AEC170 /* Debug */ = {
			isa = XCBuildConfiguration;
			buildSettings = {
				ASSETCATALOG_COMPILER_APPICON_NAME = AppIcon;
				ASSETCATALOG_COMPILER_GLOBAL_ACCENT_COLOR_NAME = AccentColor;
				CODE_SIGN_STYLE = Automatic;
				CURRENT_PROJECT_VERSION = 1;
				DEVELOPMENT_ASSET_PATHS = "\"SwiftCoinList/Preview Content\"";
				DEVELOPMENT_TEAM = 7L7CZY9WNN;
				ENABLE_PREVIEWS = YES;
				GENERATE_INFOPLIST_FILE = YES;
				INFOPLIST_KEY_UIApplicationSceneManifest_Generation = YES;
				INFOPLIST_KEY_UIApplicationSupportsIndirectInputEvents = YES;
				INFOPLIST_KEY_UILaunchScreen_Generation = YES;
				INFOPLIST_KEY_UISupportedInterfaceOrientations_iPad = "UIInterfaceOrientationPortrait UIInterfaceOrientationPortraitUpsideDown UIInterfaceOrientationLandscapeLeft UIInterfaceOrientationLandscapeRight";
				INFOPLIST_KEY_UISupportedInterfaceOrientations_iPhone = "UIInterfaceOrientationPortrait UIInterfaceOrientationLandscapeLeft UIInterfaceOrientationLandscapeRight";
				LD_RUNPATH_SEARCH_PATHS = (
					"$(inherited)",
					"@executable_path/Frameworks",
				);
				MARKETING_VERSION = 1.0;
				PRODUCT_BUNDLE_IDENTIFIER = com.woomin.SwiftCoinList;
				PRODUCT_NAME = "$(TARGET_NAME)";
				SWIFT_EMIT_LOC_STRINGS = YES;
				SWIFT_VERSION = 5.0;
				TARGETED_DEVICE_FAMILY = "1,2";
			};
			name = Debug;
		};
		73F1E95728BE509600AEC170 /* Release */ = {
			isa = XCBuildConfiguration;
			buildSettings = {
				ASSETCATALOG_COMPILER_APPICON_NAME = AppIcon;
				ASSETCATALOG_COMPILER_GLOBAL_ACCENT_COLOR_NAME = AccentColor;
				CODE_SIGN_STYLE = Automatic;
				CURRENT_PROJECT_VERSION = 1;
				DEVELOPMENT_ASSET_PATHS = "\"SwiftCoinList/Preview Content\"";
				DEVELOPMENT_TEAM = 7L7CZY9WNN;
				ENABLE_PREVIEWS = YES;
				GENERATE_INFOPLIST_FILE = YES;
				INFOPLIST_KEY_UIApplicationSceneManifest_Generation = YES;
				INFOPLIST_KEY_UIApplicationSupportsIndirectInputEvents = YES;
				INFOPLIST_KEY_UILaunchScreen_Generation = YES;
				INFOPLIST_KEY_UISupportedInterfaceOrientations_iPad = "UIInterfaceOrientationPortrait UIInterfaceOrientationPortraitUpsideDown UIInterfaceOrientationLandscapeLeft UIInterfaceOrientationLandscapeRight";
				INFOPLIST_KEY_UISupportedInterfaceOrientations_iPhone = "UIInterfaceOrientationPortrait UIInterfaceOrientationLandscapeLeft UIInterfaceOrientationLandscapeRight";
				LD_RUNPATH_SEARCH_PATHS = (
					"$(inherited)",
					"@executable_path/Frameworks",
				);
				MARKETING_VERSION = 1.0;
				PRODUCT_BUNDLE_IDENTIFIER = com.woomin.SwiftCoinList;
				PRODUCT_NAME = "$(TARGET_NAME)";
				SWIFT_EMIT_LOC_STRINGS = YES;
				SWIFT_VERSION = 5.0;
				TARGETED_DEVICE_FAMILY = "1,2";
			};
			name = Release;
		};
/* End XCBuildConfiguration section */

/* Begin XCConfigurationList section */
		73F1E94228BE509100AEC170 /* Build configuration list for PBXProject "SwiftCoinList" */ = {
			isa = XCConfigurationList;
			buildConfigurations = (
				73F1E95328BE509600AEC170 /* Debug */,
				73F1E95428BE509600AEC170 /* Release */,
			);
			defaultConfigurationIsVisible = 0;
			defaultConfigurationName = Release;
		};
		73F1E95528BE509600AEC170 /* Build configuration list for PBXNativeTarget "SwiftCoinList" */ = {
			isa = XCConfigurationList;
			buildConfigurations = (
				73F1E95628BE509600AEC170 /* Debug */,
				73F1E95728BE509600AEC170 /* Release */,
			);
			defaultConfigurationIsVisible = 0;
			defaultConfigurationName = Release;
		};
/* End XCConfigurationList section */
	};
	rootObject = 73F1E93F28BE509100AEC170 /* Project object */;
}
